PODS:
  - AFNetworking (3.2.1):
    - AFNetworking/NSURLSession (= 3.2.1)
    - AFNetworking/Reachability (= 3.2.1)
    - AFNetworking/Security (= 3.2.1)
    - AFNetworking/Serialization (= 3.2.1)
    - AFNetworking/UIKit (= 3.2.1)
  - AFNetworking/NSURLSession (3.2.1):
    - AFNetworking/Reachability
    - AFNetworking/Security
    - AFNetworking/Serialization
  - AFNetworking/Reachability (3.2.1)
  - AFNetworking/Security (3.2.1)
  - AFNetworking/Serialization (3.2.1)
  - AFNetworking/UIKit (3.2.1):
    - AFNetworking/NSURLSession
  - CocoaAsyncSocket (7.6.3)
  - CocoaLumberjack (3.4.2):
    - CocoaLumberjack/Default (= 3.4.2)
    - CocoaLumberjack/Extensions (= 3.4.2)
  - CocoaLumberjack/Default (3.4.2)
  - CocoaLumberjack/Extensions (3.4.2):
    - CocoaLumberjack/Default
  - DACircularProgress (2.3.1)
  - FMDB (2.7.5):
    - FMDB/standard (= 2.7.5)
  - FMDB/standard (2.7.5)
  - GPUImage (0.1.7)
  - HMSegmentedControl (1.5.5)
  - KissXML (5.2.3)
  - libidn (1.35)
  - Masonry (1.1.0)
  - MBProgressHUD (1.1.0)
  - MJExtension (3.0.15.1)
  - MJRefresh (3.1.15.7)
  - MWPhotoBrowser (2.1.2):
    - DACircularProgress (~> 2.3.1)
    - MBProgressHUD (~> 1.0)
    - SDWebImage (~> 4.0)
  - SDWebImage (4.4.2):
    - SDWebImage/Core (= 4.4.2)
  - SDWebImage/Core (4.4.2)
  - XMPPFramework (4.0.0):
    - XMPPFramework/default (= 4.0.0)
  - XMPPFramework/default (4.0.0):
    - CocoaAsyncSocket (~> 7.6)
    - CocoaLumberjack
    - KissXML (~> 5.2)
    - libidn (~> 1.35)

DEPENDENCIES:
  - AFNetworking (~> 3.0)
  - FMDB
  - GPUImage
  - HMSegmentedControl
  - Masonry
  - MJExtension
  - MJRefresh
  - MWPhotoBrowser (from `https://github.com/lhp3851/MWPhotoBrowser.git`, commit `cfdf67cd0232a3575b5109067f61dbf7268b5638`)
  - SDWebImage (~> 4.4.2)
  - XMPPFramework

SPEC REPOS:
  https://github.com/cocoapods/specs.git:
    - AFNetworking
    - CocoaAsyncSocket
    - CocoaLumberjack
    - DACircularProgress
    - FMDB
    - GPUImage
    - HMSegmentedControl
    - KissXML
    - libidn
    - Masonry
    - MBProgressHUD
    - MJExtension
    - MJRefresh
    - SDWebImage
    - XMPPFramework

EXTERNAL SOURCES:
  MWPhotoBrowser:
    :commit: cfdf67cd0232a3575b5109067f61dbf7268b5638
    :git: https://github.com/lhp3851/MWPhotoBrowser.git

CHECKOUT OPTIONS:
  MWPhotoBrowser:
    :commit: cfdf67cd0232a3575b5109067f61dbf7268b5638
    :git: https://github.com/lhp3851/MWPhotoBrowser.git

SPEC CHECKSUMS:
  AFNetworking: b6f891fdfaed196b46c7a83cf209e09697b94057
  CocoaAsyncSocket: eafaa68a7e0ec99ead0a7b35015e0bf25d2c8987
  CocoaLumberjack: db7cc9e464771f12054c22ff6947c5a58d43a0fd
  DACircularProgress: 4dd437c0fc3da5161cb289e07ac449493d41db71
  FMDB: 2ce00b547f966261cd18927a3ddb07cb6f3db82a
  GPUImage: 733a5f0fab92df9de1c37ba9df520a833ccb406d
  HMSegmentedControl: f514c6dad47aa3065e0ed2e8046b73efc71221b9
  KissXML: 09f88ff8161fd058d67b70740b8b516687b52823
  libidn: e4576a956b797c584c77aaedfc6e3dd639b61bdc
  Masonry: 678fab65091a9290e40e2832a55e7ab731aad201
  MBProgressHUD: e7baa36a220447d8aeb12769bf0585582f3866d9
  MJExtension: 19bc33ce2eee2d319760f5622562cf581a6ff756
  MJRefresh: 697f8ec75ebdbe9207767bb682cf0f51b0d8a41f
  MWPhotoBrowser: ae5950a8ecf34785ae0b17b82e67fd090b212ac6
  SDWebImage: 624d6e296c69b244bcede364c72ae0430ac14681
  XMPPFramework: 5d31ff9f73dce031b24bc49bcf88093627a3a86e

PODFILE CHECKSUM: 7234726080e69b872ff4b2935d6cfd585b434f40

COCOAPODS: 1.5.3
